
Microsoft Visual Studio Solution File, Format Version 12.00
# Visual Studio Version 16
VisualStudioVersion = 16.0.32002.261
MinimumVisualStudioVersion = 10.0.40219.1
Project("{FAE04EC0-301F-11D3-BF4B-00C04F79EFBC}") = "Quiz.api", "Quiz.api\Quiz.api.csproj", "{816B5A17-DB50-4170-984B-46CC4A2D995B}"
EndProject
Global
	GlobalSection(SolutionConfigurationPlatforms) = preSolution
		Debug|Any CPU = Debug|Any CPU
		Release|Any CPU = Release|Any CPU
	EndGlobalSection
	GlobalSection(ProjectConfigurationPlatforms) = postSolution
		{816B5A17-DB50-4170-984B-46CC4A2D995B}.Debug|Any CPU.ActiveCfg = Debug|Any CPU
		{816B5A17-DB50-4170-984B-46CC4A2D995B}.Debug|Any CPU.Build.0 = Debug|Any CPU
		{816B5A17-DB50-4170-984B-46CC4A2D995B}.Release|Any CPU.ActiveCfg = Release|Any CPU
		{816B5A17-DB50-4170-984B-46CC4A2D995B}.Release|Any CPU.Build.0 = Release|Any CPU
	EndGlobalSection
	GlobalSection(SolutionProperties) = preSolution
		HideSolutionNode = FALSE
	EndGlobalSection
	GlobalSection(ExtensibilityGlobals) = postSolution
		SolutionGuid = {F8BCA83E-AC13-42F6-9F90-68E647E15BDA}
	EndGlobalSection
EndGlobal
